GEM
  remote: https://rubygems.org/
  specs:
    addressable (2.8.7)
      public_suffix (>= 2.0.2, < 7.0)
    alphavantage (1.2.0)
      faraday (~> 1.4)
      hashie (~> 4.1)
    base64 (0.3.0)
    bigdecimal (3.3.1)
    citrus (3.0.2)
    concurrent-ruby (1.3.5)
    connection_pool (2.5.4)
    csv (3.3.5)
    debug_me (1.1.2)
    dentaku (3.5.6)
      bigdecimal
      concurrent-ruby
    eps (0.6.0)
      lightgbm (>= 0.1.7)
      matrix
      nokogiri
    event_stream_parser (1.0.0)
    faraday (1.10.4)
      faraday-em_http (~> 1.0)
      faraday-em_synchrony (~> 1.0)
      faraday-excon (~> 1.1)
      faraday-httpclient (~> 1.0)
      faraday-multipart (~> 1.0)
      faraday-net_http (~> 1.0)
      faraday-net_http_persistent (~> 1.0)
      faraday-patron (~> 1.0)
      faraday-rack (~> 1.0)
      faraday-retry (~> 1.0)
      ruby2_keywords (>= 0.0.4)
    faraday-em_http (1.0.0)
    faraday-em_synchrony (1.0.1)
    faraday-excon (1.1.0)
    faraday-httpclient (1.0.1)
    faraday-multipart (1.1.1)
      multipart-post (~> 2.0)
    faraday-net_http (1.0.2)
    faraday-net_http_persistent (1.2.0)
    faraday-patron (1.0.0)
    faraday-rack (1.0.0)
    faraday-retry (1.0.3)
    ffi (1.17.2-arm64-darwin)
    fiddle (1.1.8)
    hashie (4.1.0)
    http-2 (1.1.1)
    httpx (1.6.3)
      http-2 (>= 1.0.0)
    json-schema (5.2.2)
      addressable (~> 2.8)
      bigdecimal (~> 3.1)
    kbs (0.1.0)
      sqlite3 (~> 1.6)
    lightgbm (0.4.3)
      ffi
    lite-memoize (1.1.1)
    lite-statistics (2.0.0)
      lite-memoize
    marcel (1.1.0)
    matrix (0.4.3)
    mini_portile2 (2.8.9)
    minitest (5.26.2)
    multipart-post (2.4.1)
    nenv (0.3.0)
    nokogiri (1.18.10-arm64-darwin)
      racc (~> 1.4)
    openweathermap (0.2.3)
    pastel (0.8.0)
      tty-color (~> 0.5)
    polars-df (0.23.0-arm64-darwin)
      bigdecimal
    public_suffix (6.0.2)
    racc (1.8.1)
    rake (13.3.1)
    redis (5.4.1)
      redis-client (>= 0.22.0)
    redis-client (0.26.1)
      connection_pool
    regent (0.3.3)
      pastel (~> 0.8.0)
      tty-spinner (~> 0.9.3)
      zeitwerk (~> 2.7)
    ruby2_keywords (0.0.5)
    ruby_llm (1.9.1)
      base64
      event_stream_parser (~> 1)
      faraday (>= 1.10.0)
      faraday-multipart (>= 1)
      faraday-net_http (>= 1)
      faraday-retry (>= 1)
      marcel (~> 1.0)
      ruby_llm-schema (~> 0.2.1)
      zeitwerk (~> 2)
    ruby_llm-mcp (0.8.0)
      httpx (~> 1.4)
      json-schema (~> 5.0)
      ruby_llm (~> 1.9)
      zeitwerk (~> 2)
    ruby_llm-schema (0.2.5)
    sequel (5.98.0)
      bigdecimal
    shared_tools (0.3.0)
      dentaku
      nokogiri
      openweathermap
      ruby_llm
      ruby_llm-mcp
      sequel
      zeitwerk
    sqa (0.0.32)
      alphavantage
      csv
      eps
      faraday
      hashie
      kbs
      lite-statistics
      nenv
      polars-df
      redis
      regent
      ruby_llm
      ruby_llm-mcp
      shared_tools
      sqa-tai
      toml-rb
      tty-table
    sqa-tai (0.1.2)
      ta_lib_ffi (~> 0.3)
    sqlite3 (1.7.3)
      mini_portile2 (~> 2.8.0)
    strings (0.2.1)
      strings-ansi (~> 0.2)
      unicode-display_width (>= 1.5, < 3.0)
      unicode_utils (~> 1.4)
    strings-ansi (0.2.0)
    ta_lib_ffi (0.3.0)
      fiddle (~> 1.1)
    toml-rb (4.1.0)
      citrus (~> 3.0, > 3.0)
      racc (~> 1.7)
    tty-color (0.6.0)
    tty-cursor (0.7.1)
    tty-screen (0.8.2)
    tty-spinner (0.9.3)
      tty-cursor (~> 0.7)
    tty-table (0.12.0)
      pastel (~> 0.8)
      strings (~> 0.2.0)
      tty-screen (~> 0.8)
    unicode-display_width (2.6.0)
    unicode_utils (1.4.0)
    zeitwerk (2.7.3)

PLATFORMS
  arm64-darwin-25

DEPENDENCIES
  debug_me (~> 1.1)
  matrix (~> 0.4)
  minitest (~> 5.0)
  rake (~> 13.0)
  sqa
  sqa-tai

BUNDLED WITH
   2.7.2
